{
  "name": "dockarr",
  "version": "1.0.14",
  "lockfileVersion": 2,
  "requires": true,
  "packages": {
    "": {
      "name": "dockarr",
      "version": "1.0.14",
      "license": "MIT",
      "dependencies": {
        "axios": "^1.4.0",
        "chalk": "4.1.2",
        "commander": "^10.0.0",
        "docker-compose": "^0.23.19",
        "readline": "^1.3.0",
        "yaml": "^2.2.2"
      },
      "bin": {
        "dockarr": "bin/src/cli.js"
      },
      "devDependencies": {
        "@types/node": "^18.15.11",
        "@types/yaml": "^1.9.7",
        "@types/yargs": "^17.0.24",
        "typescript": "^5.0.2"
      }
    },
    "node_modules/@types/node": {
      "version": "18.15.11",
      "resolved": "https://registry.npmjs.org/@types/node/-/node-18.15.11.tgz",
      "integrity": "sha512-E5Kwq2n4SbMzQOn6wnmBjuK9ouqlURrcZDVfbo9ftDDTFt3nk7ZKK4GMOzoYgnpQJKcxwQw+lGaBvvlMo0qN/Q==",
      "dev": true
    },
    "node_modules/@types/yaml": {
      "version": "1.9.7",
      "resolved": "https://registry.npmjs.org/@types/yaml/-/yaml-1.9.7.tgz",
      "integrity": "sha512-8WMXRDD1D+wCohjfslHDgICd2JtMATZU8CkhH8LVJqcJs6dyYj5TGptzP8wApbmEullGBSsCEzzap73DQ1HJaA==",
      "deprecated": "This is a stub types definition. yaml provides its own type definitions, so you do not need this installed.",
      "dev": true,
      "dependencies": {
        "yaml": "*"
      }
    },
    "node_modules/@types/yargs": {
      "version": "17.0.24",
      "resolved": "https://registry.npmjs.org/@types/yargs/-/yargs-17.0.24.tgz",
      "integrity": "sha512-6i0aC7jV6QzQB8ne1joVZ0eSFIstHsCrobmOtghM11yGlH0j43FKL2UhWdELkyps0zuf7qVTUVCCR+tgSlyLLw==",
      "dev": true,
      "dependencies": {
        "@types/yargs-parser": "*"
      }
    },
    "node_modules/@types/yargs-parser": {
      "version": "21.0.0",
      "resolved": "https://registry.npmjs.org/@types/yargs-parser/-/yargs-parser-21.0.0.tgz",
      "integrity": "sha512-iO9ZQHkZxHn4mSakYV0vFHAVDyEOIJQrV2uZ06HxEPcx+mt8swXoZHIbaaJ2crJYFfErySgktuTZ3BeLz+XmFA==",
      "dev": true
    },
    "node_modules/ansi-styles": {
      "version": "4.3.0",
      "resolved": "https://registry.npmjs.org/ansi-styles/-/ansi-styles-4.3.0.tgz",
      "integrity": "sha512-zbB9rCJAT1rbjiVDb2hqKFHNYLxgtk8NURxZ3IZwD3F6NtxbXZQCnnSi1Lkx+IDohdPlFp222wVALIheZJQSEg==",
      "dependencies": {
        "color-convert": "^2.0.1"
      },
      "engines": {
        "node": ">=8"
      },
      "funding": {
        "url": "https://github.com/chalk/ansi-styles?sponsor=1"
      }
    },
    "node_modules/asynckit": {
      "version": "0.4.0",
      "resolved": "https://registry.npmjs.org/asynckit/-/asynckit-0.4.0.tgz",
      "integrity": "sha512-Oei9OH4tRh0YqU3GxhX79dM/mwVgvbZJaSNaRk+bshkj0S5cfHcgYakreBjrHwatXKbz+IoIdYLxrKim2MjW0Q=="
    },
    "node_modules/axios": {
      "version": "1.4.0",
      "resolved": "https://registry.npmjs.org/axios/-/axios-1.4.0.tgz",
      "integrity": "sha512-S4XCWMEmzvo64T9GfvQDOXgYRDJ/wsSZc7Jvdgx5u1sd0JwsuPLqb3SYmusag+edF6ziyMensPVqLTSc1PiSEA==",
      "dependencies": {
        "follow-redirects": "^1.15.0",
        "form-data": "^4.0.0",
        "proxy-from-env": "^1.1.0"
      }
    },
    "node_modules/chalk": {
      "version": "4.1.2",
      "resolved": "https://registry.npmjs.org/chalk/-/chalk-4.1.2.tgz",
      "integrity": "sha512-oKnbhFyRIXpUuez8iBMmyEa4nbj4IOQyuhc/wy9kY7/WVPcwIO9VA668Pu8RkO7+0G76SLROeyw9CpQ061i4mA==",
      "dependencies": {
        "ansi-styles": "^4.1.0",
        "supports-color": "^7.1.0"
      },
      "engines": {
        "node": ">=10"
      },
      "funding": {
        "url": "https://github.com/chalk/chalk?sponsor=1"
      }
    },
    "node_modules/color-convert": {
      "version": "2.0.1",
      "resolved": "https://registry.npmjs.org/color-convert/-/color-convert-2.0.1.tgz",
      "integrity": "sha512-RRECPsj7iu/xb5oKYcsFHSppFNnsj/52OVTRKb4zP5onXwVF3zVmmToNcOfGC+CRDpfK/U584fMg38ZHCaElKQ==",
      "dependencies": {
        "color-name": "~1.1.4"
      },
      "engines": {
        "node": ">=7.0.0"
      }
    },
    "node_modules/color-name": {
      "version": "1.1.4",
      "resolved": "https://registry.npmjs.org/color-name/-/color-name-1.1.4.tgz",
      "integrity": "sha512-dOy+3AuW3a2wNbZHIuMZpTcgjGuLU/uBL/ubcZF9OXbDo8ff4O8yVp5Bf0efS8uEoYo5q4Fx7dY9OgQGXgAsQA=="
    },
    "node_modules/combined-stream": {
      "version": "1.0.8",
      "resolved": "https://registry.npmjs.org/combined-stream/-/combined-stream-1.0.8.tgz",
      "integrity": "sha512-FQN4MRfuJeHf7cBbBMJFXhKSDq+2kAArBlmRBvcvFE5BB1HZKXtSFASDhdlz9zOYwxh8lDdnvmMOe/+5cdoEdg==",
      "dependencies": {
        "delayed-stream": "~1.0.0"
      },
      "engines": {
        "node": ">= 0.8"
      }
    },
    "node_modules/commander": {
      "version": "10.0.0",
      "resolved": "https://registry.npmjs.org/commander/-/commander-10.0.0.tgz",
      "integrity": "sha512-zS5PnTI22FIRM6ylNW8G4Ap0IEOyk62fhLSD0+uHRT9McRCLGpkVNvao4bjimpK/GShynyQkFFxHhwMcETmduA==",
      "engines": {
        "node": ">=14"
      }
    },
    "node_modules/delayed-stream": {
      "version": "1.0.0",
      "resolved": "https://registry.npmjs.org/delayed-stream/-/delayed-stream-1.0.0.tgz",
      "integrity": "sha512-ZySD7Nf91aLB0RxL4KGrKHBXl7Eds1DAmEdcoVawXnLD7SDhpNgtuII2aAkg7a7QS41jxPSZ17p4VdGnMHk3MQ==",
      "engines": {
        "node": ">=0.4.0"
      }
    },
    "node_modules/docker-compose": {
      "version": "0.23.19",
      "resolved": "https://registry.npmjs.org/docker-compose/-/docker-compose-0.23.19.tgz",
      "integrity": "sha512-v5vNLIdUqwj4my80wxFDkNH+4S85zsRuH29SO7dCWVWPCMt/ohZBsGN6g6KXWifT0pzQ7uOxqEKCYCDPJ8Vz4g==",
      "dependencies": {
        "yaml": "^1.10.2"
      },
      "engines": {
        "node": ">= 6.0.0"
      }
    },
    "node_modules/docker-compose/node_modules/yaml": {
      "version": "1.10.2",
      "resolved": "https://registry.npmjs.org/yaml/-/yaml-1.10.2.tgz",
      "integrity": "sha512-r3vXyErRCYJ7wg28yvBY5VSoAF8ZvlcW9/BwUzEtUsjvX/DKs24dIkuwjtuprwJJHsbyUbLApepYTR1BN4uHrg==",
      "engines": {
        "node": ">= 6"
      }
    },
    "node_modules/follow-redirects": {
      "version": "1.15.2",
      "resolved": "https://registry.npmjs.org/follow-redirects/-/follow-redirects-1.15.2.tgz",
      "integrity": "sha512-VQLG33o04KaQ8uYi2tVNbdrWp1QWxNNea+nmIB4EVM28v0hmP17z7aG1+wAkNzVq4KeXTq3221ye5qTJP91JwA==",
      "funding": [
        {
          "type": "individual",
          "url": "https://github.com/sponsors/RubenVerborgh"
        }
      ],
      "engines": {
        "node": ">=4.0"
      },
      "peerDependenciesMeta": {
        "debug": {
          "optional": true
        }
      }
    },
    "node_modules/form-data": {
      "version": "4.0.0",
      "resolved": "https://registry.npmjs.org/form-data/-/form-data-4.0.0.tgz",
      "integrity": "sha512-ETEklSGi5t0QMZuiXoA/Q6vcnxcLQP5vdugSpuAyi6SVGi2clPPp+xgEhuMaHC+zGgn31Kd235W35f7Hykkaww==",
      "dependencies": {
        "asynckit": "^0.4.0",
        "combined-stream": "^1.0.8",
        "mime-types": "^2.1.12"
      },
      "engines": {
        "node": ">= 6"
      }
    },
    "node_modules/has-flag": {
      "version": "4.0.0",
      "resolved": "https://registry.npmjs.org/has-flag/-/has-flag-4.0.0.tgz",
      "integrity": "sha512-EykJT/Q1KjTWctppgIAgfSO0tKVuZUjhgMr17kqTumMl6Afv3EISleU7qZUzoXDFTAHTDC4NOoG/ZxU3EvlMPQ==",
      "engines": {
        "node": ">=8"
      }
    },
    "node_modules/mime-db": {
      "version": "1.52.0",
      "resolved": "https://registry.npmjs.org/mime-db/-/mime-db-1.52.0.tgz",
      "integrity": "sha512-sPU4uV7dYlvtWJxwwxHD0PuihVNiE7TyAbQ5SWxDCB9mUYvOgroQOwYQQOKPJ8CIbE+1ETVlOoK1UC2nU3gYvg==",
      "engines": {
        "node": ">= 0.6"
      }
    },
    "node_modules/mime-types": {
      "version": "2.1.35",
      "resolved": "https://registry.npmjs.org/mime-types/-/mime-types-2.1.35.tgz",
      "integrity": "sha512-ZDY+bPm5zTTF+YpCrAU9nK0UgICYPT0QtT1NZWFv4s++TNkcgVaT0g6+4R2uI4MjQjzysHB1zxuWL50hzaeXiw==",
      "dependencies": {
        "mime-db": "1.52.0"
      },
      "engines": {
        "node": ">= 0.6"
      }
    },
    "node_modules/proxy-from-env": {
      "version": "1.1.0",
      "resolved": "https://registry.npmjs.org/proxy-from-env/-/proxy-from-env-1.1.0.tgz",
      "integrity": "sha512-D+zkORCbA9f1tdWRK0RaCR3GPv50cMxcrz4X8k5LTSUD1Dkw47mKJEZQNunItRTkWwgtaUSo1RVFRIG9ZXiFYg=="
    },
    "node_modules/readline": {
      "version": "1.3.0",
      "resolved": "https://registry.npmjs.org/readline/-/readline-1.3.0.tgz",
      "integrity": "sha512-k2d6ACCkiNYz222Fs/iNze30rRJ1iIicW7JuX/7/cozvih6YCkFZH+J6mAFDVgv0dRBaAyr4jDqC95R2y4IADg=="
    },
    "node_modules/supports-color": {
      "version": "7.2.0",
      "resolved": "https://registry.npmjs.org/supports-color/-/supports-color-7.2.0.tgz",
      "integrity": "sha512-qpCAvRl9stuOHveKsn7HncJRvv501qIacKzQlO/+Lwxc9+0q2wLyv4Dfvt80/DPn2pqOBsJdDiogXGR9+OvwRw==",
      "dependencies": {
        "has-flag": "^4.0.0"
      },
      "engines": {
        "node": ">=8"
      }
    },
    "node_modules/typescript": {
      "version": "5.0.2",
      "resolved": "https://registry.npmjs.org/typescript/-/typescript-5.0.2.tgz",
      "integrity": "sha512-wVORMBGO/FAs/++blGNeAVdbNKtIh1rbBL2EyQ1+J9lClJ93KiiKe8PmFIVdXhHcyv44SL9oglmfeSsndo0jRw==",
      "dev": true,
      "bin": {
        "tsc": "bin/tsc",
        "tsserver": "bin/tsserver"
      },
      "engines": {
        "node": ">=12.20"
      }
    },
    "node_modules/yaml": {
      "version": "2.2.2",
      "resolved": "https://registry.npmjs.org/yaml/-/yaml-2.2.2.tgz",
      "integrity": "sha512-CBKFWExMn46Foo4cldiChEzn7S7SRV+wqiluAb6xmueD/fGyRHIhX8m14vVGgeFWjN540nKCNVj6P21eQjgTuA==",
      "engines": {
        "node": ">= 14"
      }
    }
  },
  "dependencies": {
    "@types/node": {
      "version": "18.15.11",
      "resolved": "https://registry.npmjs.org/@types/node/-/node-18.15.11.tgz",
      "integrity": "sha512-E5Kwq2n4SbMzQOn6wnmBjuK9ouqlURrcZDVfbo9ftDDTFt3nk7ZKK4GMOzoYgnpQJKcxwQw+lGaBvvlMo0qN/Q==",
      "dev": true
    },
    "@types/yaml": {
      "version": "1.9.7",
      "resolved": "https://registry.npmjs.org/@types/yaml/-/yaml-1.9.7.tgz",
      "integrity": "sha512-8WMXRDD1D+wCohjfslHDgICd2JtMATZU8CkhH8LVJqcJs6dyYj5TGptzP8wApbmEullGBSsCEzzap73DQ1HJaA==",
      "dev": true,
      "requires": {
        "yaml": "*"
      }
    },
    "@types/yargs": {
      "version": "17.0.24",
      "resolved": "https://registry.npmjs.org/@types/yargs/-/yargs-17.0.24.tgz",
      "integrity": "sha512-6i0aC7jV6QzQB8ne1joVZ0eSFIstHsCrobmOtghM11yGlH0j43FKL2UhWdELkyps0zuf7qVTUVCCR+tgSlyLLw==",
      "dev": true,
      "requires": {
        "@types/yargs-parser": "*"
      }
    },
    "@types/yargs-parser": {
      "version": "21.0.0",
      "resolved": "https://registry.npmjs.org/@types/yargs-parser/-/yargs-parser-21.0.0.tgz",
      "integrity": "sha512-iO9ZQHkZxHn4mSakYV0vFHAVDyEOIJQrV2uZ06HxEPcx+mt8swXoZHIbaaJ2crJYFfErySgktuTZ3BeLz+XmFA==",
      "dev": true
    },
    "ansi-styles": {
      "version": "4.3.0",
      "resolved": "https://registry.npmjs.org/ansi-styles/-/ansi-styles-4.3.0.tgz",
      "integrity": "sha512-zbB9rCJAT1rbjiVDb2hqKFHNYLxgtk8NURxZ3IZwD3F6NtxbXZQCnnSi1Lkx+IDohdPlFp222wVALIheZJQSEg==",
      "requires": {
        "color-convert": "^2.0.1"
      }
    },
    "asynckit": {
      "version": "0.4.0",
      "resolved": "https://registry.npmjs.org/asynckit/-/asynckit-0.4.0.tgz",
      "integrity": "sha512-Oei9OH4tRh0YqU3GxhX79dM/mwVgvbZJaSNaRk+bshkj0S5cfHcgYakreBjrHwatXKbz+IoIdYLxrKim2MjW0Q=="
    },
    "axios": {
      "version": "1.4.0",
      "resolved": "https://registry.npmjs.org/axios/-/axios-1.4.0.tgz",
      "integrity": "sha512-S4XCWMEmzvo64T9GfvQDOXgYRDJ/wsSZc7Jvdgx5u1sd0JwsuPLqb3SYmusag+edF6ziyMensPVqLTSc1PiSEA==",
      "requires": {
        "follow-redirects": "^1.15.0",
        "form-data": "^4.0.0",
        "proxy-from-env": "^1.1.0"
      }
    },
    "chalk": {
      "version": "4.1.2",
      "resolved": "https://registry.npmjs.org/chalk/-/chalk-4.1.2.tgz",
      "integrity": "sha512-oKnbhFyRIXpUuez8iBMmyEa4nbj4IOQyuhc/wy9kY7/WVPcwIO9VA668Pu8RkO7+0G76SLROeyw9CpQ061i4mA==",
      "requires": {
        "ansi-styles": "^4.1.0",
        "supports-color": "^7.1.0"
      }
    },
    "color-convert": {
      "version": "2.0.1",
      "resolved": "https://registry.npmjs.org/color-convert/-/color-convert-2.0.1.tgz",
      "integrity": "sha512-RRECPsj7iu/xb5oKYcsFHSppFNnsj/52OVTRKb4zP5onXwVF3zVmmToNcOfGC+CRDpfK/U584fMg38ZHCaElKQ==",
      "requires": {
        "color-name": "~1.1.4"
      }
    },
    "color-name": {
      "version": "1.1.4",
      "resolved": "https://registry.npmjs.org/color-name/-/color-name-1.1.4.tgz",
      "integrity": "sha512-dOy+3AuW3a2wNbZHIuMZpTcgjGuLU/uBL/ubcZF9OXbDo8ff4O8yVp5Bf0efS8uEoYo5q4Fx7dY9OgQGXgAsQA=="
    },
    "combined-stream": {
      "version": "1.0.8",
      "resolved": "https://registry.npmjs.org/combined-stream/-/combined-stream-1.0.8.tgz",
      "integrity": "sha512-FQN4MRfuJeHf7cBbBMJFXhKSDq+2kAArBlmRBvcvFE5BB1HZKXtSFASDhdlz9zOYwxh8lDdnvmMOe/+5cdoEdg==",
      "requires": {
        "delayed-stream": "~1.0.0"
      }
    },
    "commander": {
      "version": "10.0.0",
      "resolved": "https://registry.npmjs.org/commander/-/commander-10.0.0.tgz",
      "integrity": "sha512-zS5PnTI22FIRM6ylNW8G4Ap0IEOyk62fhLSD0+uHRT9McRCLGpkVNvao4bjimpK/GShynyQkFFxHhwMcETmduA=="
    },
    "delayed-stream": {
      "version": "1.0.0",
      "resolved": "https://registry.npmjs.org/delayed-stream/-/delayed-stream-1.0.0.tgz",
      "integrity": "sha512-ZySD7Nf91aLB0RxL4KGrKHBXl7Eds1DAmEdcoVawXnLD7SDhpNgtuII2aAkg7a7QS41jxPSZ17p4VdGnMHk3MQ=="
    },
    "docker-compose": {
      "version": "0.23.19",
      "resolved": "https://registry.npmjs.org/docker-compose/-/docker-compose-0.23.19.tgz",
      "integrity": "sha512-v5vNLIdUqwj4my80wxFDkNH+4S85zsRuH29SO7dCWVWPCMt/ohZBsGN6g6KXWifT0pzQ7uOxqEKCYCDPJ8Vz4g==",
      "requires": {
        "yaml": "^1.10.2"
      },
      "dependencies": {
        "yaml": {
          "version": "1.10.2",
          "resolved": "https://registry.npmjs.org/yaml/-/yaml-1.10.2.tgz",
          "integrity": "sha512-r3vXyErRCYJ7wg28yvBY5VSoAF8ZvlcW9/BwUzEtUsjvX/DKs24dIkuwjtuprwJJHsbyUbLApepYTR1BN4uHrg=="
        }
      }
    },
    "follow-redirects": {
      "version": "1.15.2",
      "resolved": "https://registry.npmjs.org/follow-redirects/-/follow-redirects-1.15.2.tgz",
      "integrity": "sha512-VQLG33o04KaQ8uYi2tVNbdrWp1QWxNNea+nmIB4EVM28v0hmP17z7aG1+wAkNzVq4KeXTq3221ye5qTJP91JwA=="
    },
    "form-data": {
      "version": "4.0.0",
      "resolved": "https://registry.npmjs.org/form-data/-/form-data-4.0.0.tgz",
      "integrity": "sha512-ETEklSGi5t0QMZuiXoA/Q6vcnxcLQP5vdugSpuAyi6SVGi2clPPp+xgEhuMaHC+zGgn31Kd235W35f7Hykkaww==",
      "requires": {
        "asynckit": "^0.4.0",
        "combined-stream": "^1.0.8",
        "mime-types": "^2.1.12"
      }
    },
    "has-flag": {
      "version": "4.0.0",
      "resolved": "https://registry.npmjs.org/has-flag/-/has-flag-4.0.0.tgz",
      "integrity": "sha512-EykJT/Q1KjTWctppgIAgfSO0tKVuZUjhgMr17kqTumMl6Afv3EISleU7qZUzoXDFTAHTDC4NOoG/ZxU3EvlMPQ=="
    },
    "mime-db": {
      "version": "1.52.0",
      "resolved": "https://registry.npmjs.org/mime-db/-/mime-db-1.52.0.tgz",
      "integrity": "sha512-sPU4uV7dYlvtWJxwwxHD0PuihVNiE7TyAbQ5SWxDCB9mUYvOgroQOwYQQOKPJ8CIbE+1ETVlOoK1UC2nU3gYvg=="
    },
    "mime-types": {
      "version": "2.1.35",
      "resolved": "https://registry.npmjs.org/mime-types/-/mime-types-2.1.35.tgz",
      "integrity": "sha512-ZDY+bPm5zTTF+YpCrAU9nK0UgICYPT0QtT1NZWFv4s++TNkcgVaT0g6+4R2uI4MjQjzysHB1zxuWL50hzaeXiw==",
      "requires": {
        "mime-db": "1.52.0"
      }
    },
    "proxy-from-env": {
      "version": "1.1.0",
      "resolved": "https://registry.npmjs.org/proxy-from-env/-/proxy-from-env-1.1.0.tgz",
      "integrity": "sha512-D+zkORCbA9f1tdWRK0RaCR3GPv50cMxcrz4X8k5LTSUD1Dkw47mKJEZQNunItRTkWwgtaUSo1RVFRIG9ZXiFYg=="
    },
    "readline": {
      "version": "1.3.0",
      "resolved": "https://registry.npmjs.org/readline/-/readline-1.3.0.tgz",
      "integrity": "sha512-k2d6ACCkiNYz222Fs/iNze30rRJ1iIicW7JuX/7/cozvih6YCkFZH+J6mAFDVgv0dRBaAyr4jDqC95R2y4IADg=="
    },
    "supports-color": {
      "version": "7.2.0",
      "resolved": "https://registry.npmjs.org/supports-color/-/supports-color-7.2.0.tgz",
      "integrity": "sha512-qpCAvRl9stuOHveKsn7HncJRvv501qIacKzQlO/+Lwxc9+0q2wLyv4Dfvt80/DPn2pqOBsJdDiogXGR9+OvwRw==",
      "requires": {
        "has-flag": "^4.0.0"
      }
    },
    "typescript": {
      "version": "5.0.2",
      "resolved": "https://registry.npmjs.org/typescript/-/typescript-5.0.2.tgz",
      "integrity": "sha512-wVORMBGO/FAs/++blGNeAVdbNKtIh1rbBL2EyQ1+J9lClJ93KiiKe8PmFIVdXhHcyv44SL9oglmfeSsndo0jRw==",
      "dev": true
    },
    "yaml": {
      "version": "2.2.2",
      "resolved": "https://registry.npmjs.org/yaml/-/yaml-2.2.2.tgz",
      "integrity": "sha512-CBKFWExMn46Foo4cldiChEzn7S7SRV+wqiluAb6xmueD/fGyRHIhX8m14vVGgeFWjN540nKCNVj6P21eQjgTuA=="
    }
  }
}
